
Microsoft Visual Studio Solution File, Format Version 12.00
# Visual Studio Version 16
VisualStudioVersion = 16.0.29201.188
MinimumVisualStudioVersion = 10.0.40219.1
Project("{FAE04EC0-301F-11D3-BF4B-00C04F79EFBC}") = "RecoilTime", "RecoilTime\RecoilTime.csproj", "{7FF94AB9-C618-40EF-96F5-5B1A1A02D80C}"
EndProject
Global
	GlobalSection(SolutionConfigurationPlatforms) = preSolution
		Debug|Any CPU = Debug|Any CPU
		Release|Any CPU = Release|Any CPU
	EndGlobalSection
	GlobalSection(ProjectConfigurationPlatforms) = postSolution
		{7FF94AB9-C618-40EF-96F5-5B1A1A02D80C}.Debug|Any CPU.ActiveCfg = Debug|Any CPU
		{7FF94AB9-C618-40EF-96F5-5B1A1A02D80C}.Debug|Any CPU.Build.0 = Debug|Any CPU
		{7FF94AB9-C618-40EF-96F5-5B1A1A02D80C}.Release|Any CPU.ActiveCfg = Release|Any CPU
		{7FF94AB9-C618-40EF-96F5-5B1A1A02D80C}.Release|Any CPU.Build.0 = Release|Any CPU
	EndGlobalSection
	GlobalSection(SolutionProperties) = preSolution
		HideSolutionNode = FALSE
	EndGlobalSection
	GlobalSection(ExtensibilityGlobals) = postSolution
		SolutionGuid = {D81E0549-D84C-4825-98EA-0F01C98C5A22}
	EndGlobalSection
EndGlobal
